Microsoft Visual Studio Solution File, Format Version 12.00
# Visual Studio Version 17
VisualStudioVersion = 17.5.2.0
MinimumVisualStudioVersion = 10.0.40219.1
Project("{FAE04EC0-301F-11D3-BF4B-00C04F79EFBC}") = "cSharpSerialization", "cSharpSerialization.csproj", "{C9400293-694D-11EC-E4BE-B19233DADDDB}"
EndProject
Global
	GlobalSection(SolutionConfigurationPlatforms) = preSolution
		Debug|Any CPU = Debug|Any CPU
		Release|Any CPU = Release|Any CPU
	EndGlobalSection
	GlobalSection(ProjectConfigurationPlatforms) = postSolution
		{C9400293-694D-11EC-E4BE-B19233DADDDB}.Debug|Any CPU.ActiveCfg = Debug|Any CPU
		{C9400293-694D-11EC-E4BE-B19233DADDDB}.Debug|Any CPU.Build.0 = Debug|Any CPU
		{C9400293-694D-11EC-E4BE-B19233DADDDB}.Release|Any CPU.ActiveCfg = Release|Any CPU
		{C9400293-694D-11EC-E4BE-B19233DADDDB}.Release|Any CPU.Build.0 = Release|Any CPU
	EndGlobalSection
	GlobalSection(SolutionProperties) = preSolution
		HideSolutionNode = FALSE
	EndGlobalSection
	GlobalSection(ExtensibilityGlobals) = postSolution
		SolutionGuid = {311D9558-ED9D-44A2-8E79-0C2A6F0766FD}
	EndGlobalSection
EndGlobal
